
Microsoft Visual Studio Solution File, Format Version 12.00
# Visual Studio 15
VisualStudioVersion = 15.0.27428.1
MinimumVisualStudioVersion = 10.0.40219.1
Project("{FAE04EC0-301F-11D3-BF4B-00C04F79EFBC}") = "DnAce.Engine", "Engine\DnAce.Engine.csproj", "{3E1AE90D-A72E-4273-9DB6-E8CE43FD3C86}"
EndProject
Global
	GlobalSection(SolutionConfigurationPlatforms) = preSolution
		Debug|x64 = Debug|x64
		Debug|x86 = Debug|x86
		Release|x64 = Release|x64
		Release|x86 = Release|x86
	EndGlobalSection
	GlobalSection(ProjectConfigurationPlatforms) = postSolution
		{3E1AE90D-A72E-4273-9DB6-E8CE43FD3C86}.Debug|x64.ActiveCfg = Release|x64
		{3E1AE90D-A72E-4273-9DB6-E8CE43FD3C86}.Debug|x64.Build.0 = Release|x64
		{3E1AE90D-A72E-4273-9DB6-E8CE43FD3C86}.Debug|x86.ActiveCfg = Debug|x86
		{3E1AE90D-A72E-4273-9DB6-E8CE43FD3C86}.Debug|x86.Build.0 = Debug|x86
		{3E1AE90D-A72E-4273-9DB6-E8CE43FD3C86}.Release|x64.ActiveCfg = Release|x64
		{3E1AE90D-A72E-4273-9DB6-E8CE43FD3C86}.Release|x64.Build.0 = Release|x64
		{3E1AE90D-A72E-4273-9DB6-E8CE43FD3C86}.Release|x86.ActiveCfg = Release|x86
		{3E1AE90D-A72E-4273-9DB6-E8CE43FD3C86}.Release|x86.Build.0 = Release|x86
	EndGlobalSection
	GlobalSection(SolutionProperties) = preSolution
		HideSolutionNode = FALSE
	EndGlobalSection
	GlobalSection(ExtensibilityGlobals) = postSolution
		SolutionGuid = {F337CBD8-0166-482D-83A1-BF0C69C88BC3}
	EndGlobalSection
EndGlobal
